{
    "hash": "aa1edc0238761c13b36bb4b66f8bcfc9",
    "packages": [
        {
            "package": "composer/installers",
            "version": "dev-silverstripe",
            "source-reference": "619bd6577a4f4d9f42567305af22f21a3c198ef2"
        }
    ],
    "packages-dev": null,
    "aliases": [

    ],
    "minimum-stability": "dev",
    "stability-flags": {
        "composer/installers": 20
    }
}
